Microsoft Visual Studio Solution File, Format Version 12.00
# Visual Studio Version 17
VisualStudioVersion = 17.5.2.0
MinimumVisualStudioVersion = 10.0.40219.1
Project("{2150E333-8FDC-42A3-9474-1A3956D46DE8}") = "smak", "smak", "{1DEA056C-8710-809D-B07C-8295492F9180}"
EndProject
Project("{FAE04EC0-301F-11D3-BF4B-00C04F79EFBC}") = "backend", "smak\backend\backend.csproj", "{7925DF7A-AAF2-CD2D-D031-8D732A6DA3A7}"
EndProject
Global
	GlobalSection(SolutionConfigurationPlatforms) = preSolution
		Debug|Any CPU = Debug|Any CPU
		Release|Any CPU = Release|Any CPU
	EndGlobalSection
	GlobalSection(ProjectConfigurationPlatforms) = postSolution
		{7925DF7A-AAF2-CD2D-D031-8D732A6DA3A7}.Debug|Any CPU.ActiveCfg = Debug|Any CPU
		{7925DF7A-AAF2-CD2D-D031-8D732A6DA3A7}.Debug|Any CPU.Build.0 = Debug|Any CPU
		{7925DF7A-AAF2-CD2D-D031-8D732A6DA3A7}.Release|Any CPU.ActiveCfg = Release|Any CPU
		{7925DF7A-AAF2-CD2D-D031-8D732A6DA3A7}.Release|Any CPU.Build.0 = Release|Any CPU
	EndGlobalSection
	GlobalSection(SolutionProperties) = preSolution
		HideSolutionNode = FALSE
	EndGlobalSection
	GlobalSection(NestedProjects) = preSolution
		{7925DF7A-AAF2-CD2D-D031-8D732A6DA3A7} = {1DEA056C-8710-809D-B07C-8295492F9180}
	EndGlobalSection
	GlobalSection(ExtensibilityGlobals) = postSolution
		SolutionGuid = {68E71E3A-2570-4A69-A5CF-D360B6630882}
	EndGlobalSection
EndGlobal
